{
  "projects": [
    {
      "projectId": "7n2qQ7qWbaSoTf29w3fMdw",
      "version": "latest",
      "dependencies": {},
      "lang": "ts",
      "fileLocks": [
        {
          "type": "globalVariant",
          "assetId": "7JAIBK6bs3Uw",
          "checksum": "3195a5effb60b52728cb920e00fe15fd"
        },
        {
          "assetId": "7n2qQ7qWbaSoTf29w3fMdw",
          "type": "projectCss",
          "checksum": "46afd5342ad751e2b16c10c302c1c06f"
        },
        {
          "type": "renderModule",
          "assetId": "akW0lIGrcQfh",
          "checksum": "f1c2541164760bacc9ce8c503b86540d"
        },
        {
          "type": "cssRules",
          "assetId": "akW0lIGrcQfh",
          "checksum": "f1c2541164760bacc9ce8c503b86540d"
        },
        {
          "type": "renderModule",
          "assetId": "ggPVYPkpnqTc",
          "checksum": "eb82074212c2846b4c1b812429a7341e"
        },
        {
          "type": "cssRules",
          "assetId": "ggPVYPkpnqTc",
          "checksum": "eb82074212c2846b4c1b812429a7341e"
        },
        {
          "type": "renderModule",
          "assetId": "9zyDsnm4C_yB",
          "checksum": "b2698b2724b35399cda8bf93526bdccc"
        },
        {
          "type": "cssRules",
          "assetId": "9zyDsnm4C_yB",
          "checksum": "b2698b2724b35399cda8bf93526bdccc"
        },
        {
          "type": "renderModule",
          "assetId": "uFEl3G2P0iS8",
          "checksum": "8a71f9885cd45b9d3d2d3d22969e7c21"
        },
        {
          "type": "cssRules",
          "assetId": "uFEl3G2P0iS8",
          "checksum": "8a71f9885cd45b9d3d2d3d22969e7c21"
        },
        {
          "type": "renderModule",
          "assetId": "pvEDofsnRpb1",
          "checksum": "d79c506d5f4bfbd7d45add6ee8266a34"
        },
        {
          "type": "cssRules",
          "assetId": "pvEDofsnRpb1",
          "checksum": "d79c506d5f4bfbd7d45add6ee8266a34"
        },
        {
          "type": "renderModule",
          "assetId": "Rqd4TOdKp3dG",
          "checksum": "9690312d996de93169537d588582e50f"
        },
        {
          "type": "cssRules",
          "assetId": "Rqd4TOdKp3dG",
          "checksum": "9690312d996de93169537d588582e50f"
        },
        {
          "type": "renderModule",
          "assetId": "FqpIcTR5Xsgw",
          "checksum": "629b4fd666a9fc13af92f12da17c003f"
        },
        {
          "type": "cssRules",
          "assetId": "FqpIcTR5Xsgw",
          "checksum": "629b4fd666a9fc13af92f12da17c003f"
        },
        {
          "type": "renderModule",
          "assetId": "dfdRrXh2sQb2",
          "checksum": "dad50e4585e8d57a732674b5149f6ece"
        },
        {
          "type": "cssRules",
          "assetId": "dfdRrXh2sQb2",
          "checksum": "dad50e4585e8d57a732674b5149f6ece"
        },
        {
          "type": "renderModule",
          "assetId": "e2ZXYpC2HACl",
          "checksum": "7276a9571f66ce0c5b5f5b196e235ef0"
        },
        {
          "type": "cssRules",
          "assetId": "e2ZXYpC2HACl",
          "checksum": "7276a9571f66ce0c5b5f5b196e235ef0"
        },
        {
          "type": "renderModule",
          "assetId": "cCwkE_yl5lBB",
          "checksum": "3b88e791e6867c25d1288964b39914e6"
        },
        {
          "type": "cssRules",
          "assetId": "cCwkE_yl5lBB",
          "checksum": "3b88e791e6867c25d1288964b39914e6"
        },
        {
          "type": "renderModule",
          "assetId": "TNcsFv7azbn4",
          "checksum": "95a10c0433aa970742bd91b4da2bc396"
        },
        {
          "type": "cssRules",
          "assetId": "TNcsFv7azbn4",
          "checksum": "95a10c0433aa970742bd91b4da2bc396"
        },
        {
          "type": "renderModule",
          "assetId": "1QzA-iTEF4nu",
          "checksum": "716f8d11e54426d1a338863c3da70469"
        },
        {
          "type": "cssRules",
          "assetId": "1QzA-iTEF4nu",
          "checksum": "716f8d11e54426d1a338863c3da70469"
        },
        {
          "type": "renderModule",
          "assetId": "TTSbv7Byagwq",
          "checksum": "e94e0745df25ebccd531fe7c3d0bc3ac"
        },
        {
          "type": "cssRules",
          "assetId": "TTSbv7Byagwq",
          "checksum": "e94e0745df25ebccd531fe7c3d0bc3ac"
        },
        {
          "type": "renderModule",
          "assetId": "7LgegPMTI35O",
          "checksum": "b43cca07e5b9f6f9cc5ccdfb6ee495dc"
        },
        {
          "type": "cssRules",
          "assetId": "7LgegPMTI35O",
          "checksum": "b43cca07e5b9f6f9cc5ccdfb6ee495dc"
        },
        {
          "type": "renderModule",
          "assetId": "5ZoT700l-v8r",
          "checksum": "3469a4f2c380332f2928e979778208b3"
        },
        {
          "type": "cssRules",
          "assetId": "5ZoT700l-v8r",
          "checksum": "3469a4f2c380332f2928e979778208b3"
        },
        {
          "type": "renderModule",
          "assetId": "7-Isjg5BxQT7",
          "checksum": "beb2678a53d3638723490f7e90ff829c"
        },
        {
          "type": "cssRules",
          "assetId": "7-Isjg5BxQT7",
          "checksum": "beb2678a53d3638723490f7e90ff829c"
        },
        {
          "type": "renderModule",
          "assetId": "qfRWXAuACcrP",
          "checksum": "defc721514773fb945ed444853318712"
        },
        {
          "type": "cssRules",
          "assetId": "qfRWXAuACcrP",
          "checksum": "defc721514773fb945ed444853318712"
        },
        {
          "type": "renderModule",
          "assetId": "PH1uqmC286I-",
          "checksum": "663bfdbe1e0bbce4f5facdbf1229ae17"
        },
        {
          "type": "cssRules",
          "assetId": "PH1uqmC286I-",
          "checksum": "663bfdbe1e0bbce4f5facdbf1229ae17"
        },
        {
          "type": "icon",
          "assetId": "2UUbeI57eEFB",
          "checksum": "6a67e21806da9f317894b817e298925d"
        },
        {
          "type": "icon",
          "assetId": "EIx_50oXLXpV",
          "checksum": "c7f859707e1845f1891d53e35d5b3e8f"
        },
        {
          "type": "icon",
          "assetId": "mMGJziJ_xoVs",
          "checksum": "769f43229eb6ccc3cd46ec222a61badc"
        },
        {
          "type": "icon",
          "assetId": "tlQ2oERzM5GO",
          "checksum": "22e682c8b79c8f6ec9d5f47427e856c0"
        },
        {
          "type": "icon",
          "assetId": "THa86CYsMvNo",
          "checksum": "de8fbfd8d0ff39435a55b10fe42e5e5d"
        },
        {
          "type": "icon",
          "assetId": "RMg8AZrxzN6G",
          "checksum": "a2826de08aeff9c18ae7a1db19898dde"
        },
        {
          "type": "icon",
          "assetId": "Cewdw1H25Xz0",
          "checksum": "14db2fd98d6b92a145bf8003b69b2513"
        },
        {
          "type": "icon",
          "assetId": "a3S8_12MIoVU",
          "checksum": "35d6c2949f23fdf9284238a6ce1ba2d8"
        },
        {
          "type": "icon",
          "assetId": "obXil6sG5_gv",
          "checksum": "cdddd1b7c50349d3984a47b2a1641383"
        },
        {
          "type": "image",
          "assetId": "NjMtOXJcmP5k",
          "checksum": "c28f85d518fde9deead6698be3f16c5b"
        },
        {
          "type": "image",
          "assetId": "iLCtQMW7XXVV",
          "checksum": "82c46a700d9d9d247f5607f3c051a977"
        },
        {
          "type": "image",
          "assetId": "wIdvep7XTZsO",
          "checksum": "28636e54cb7e7e1a00531fbe8fa0a49c"
        },
        {
          "type": "image",
          "assetId": "avkYeRCKpLta",
          "checksum": "06264ec759cfa44f142211d8dd3584a3"
        },
        {
          "type": "image",
          "assetId": "t9GS_DseDGGl",
          "checksum": "389118ae4a69775477effa4bf839e41b"
        },
        {
          "type": "image",
          "assetId": "bEMZGc4Fz5Xr",
          "checksum": "aeb1a2220e8cb72770dd7bd75e2aa760"
        }
      ]
    }
  ],
  "cliVersion": "0.1.161"
}
